
Microsoft Visual Studio Solution File, Format Version 12.00
# Visual Studio Version 17
VisualStudioVersion = 17.2.32526.322
MinimumVisualStudioVersion = 10.0.40219.1
Project("{9A19103F-16F7-4668-BE54-9A1E7A4F7556}") = "Hot", "Hot\Hot.csproj", "{5CDD2607-0FB5-4269-B09F-CE5117D96636}"
EndProject
Project("{9A19103F-16F7-4668-BE54-9A1E7A4F7556}") = "Hot.Demo", "Hot.Demo\Hot.Demo.csproj", "{7BC8687F-4FB8-4282-BAF0-B0CA9EE0A8F8}"
EndProject
Global
	GlobalSection(SolutionConfigurationPlatforms) = preSolution
		Debug|Any CPU = Debug|Any CPU
		Release|Any CPU = Release|Any CPU
	EndGlobalSection
	GlobalSection(ProjectConfigurationPlatforms) = postSolution
		{5CDD2607-0FB5-4269-B09F-CE5117D96636}.Debug|Any CPU.ActiveCfg = Debug|Any CPU
		{5CDD2607-0FB5-4269-B09F-CE5117D96636}.Debug|Any CPU.Build.0 = Debug|Any CPU
		{5CDD2607-0FB5-4269-B09F-CE5117D96636}.Release|Any CPU.ActiveCfg = Release|Any CPU
		{5CDD2607-0FB5-4269-B09F-CE5117D96636}.Release|Any CPU.Build.0 = Release|Any CPU
		{7BC8687F-4FB8-4282-BAF0-B0CA9EE0A8F8}.Debug|Any CPU.ActiveCfg = Debug|Any CPU
		{7BC8687F-4FB8-4282-BAF0-B0CA9EE0A8F8}.Debug|Any CPU.Build.0 = Debug|Any CPU
		{7BC8687F-4FB8-4282-BAF0-B0CA9EE0A8F8}.Release|Any CPU.ActiveCfg = Release|Any CPU
		{7BC8687F-4FB8-4282-BAF0-B0CA9EE0A8F8}.Release|Any CPU.Build.0 = Release|Any CPU
	EndGlobalSection
	GlobalSection(SolutionProperties) = preSolution
		HideSolutionNode = FALSE
	EndGlobalSection
	GlobalSection(ExtensibilityGlobals) = postSolution
		SolutionGuid = {57FF472D-115A-4EB4-81A7-A2E95C6C1696}
	EndGlobalSection
EndGlobal
